Microsoft Visual Studio Solution File, Format Version 11.00
# Visual Studio 2008

Project("{050507A9-AE49-C7BE-A2C2-660982E183D4}") = "ComeBolas", "Assembly-CSharp.csproj", "{1240BFE8-69A4-8B63-18FE-B7825BDB253E}"
EndProject
Global
	GlobalSection(SolutionConfigurationPlatforms) = preSolution
		Debug|Any CPU = Debug|Any CPU
		Release|Any CPU = Release|Any CPU
	EndGlobalSection
	GlobalSection(ProjectConfigurationPlatforms) = postSolution
		{1240BFE8-69A4-8B63-18FE-B7825BDB253E}.Debug|Any CPU.ActiveCfg = Debug|Any CPU
		{1240BFE8-69A4-8B63-18FE-B7825BDB253E}.Debug|Any CPU.Build.0 = Debug|Any CPU
		{1240BFE8-69A4-8B63-18FE-B7825BDB253E}.Release|Any CPU.ActiveCfg = Release|Any CPU
		{1240BFE8-69A4-8B63-18FE-B7825BDB253E}.Release|Any CPU.Build.0 = Release|Any CPU
	EndGlobalSection
	GlobalSection(SolutionProperties) = preSolution
		HideSolutionNode = FALSE
	EndGlobalSection
	GlobalSection(MonoDevelopProperties) = preSolution
		StartupItem = Assembly-CSharp.csproj
	EndGlobalSection
EndGlobal
